
Microsoft Visual Studio Solution File, Format Version 12.00
# Visual Studio Version 17
VisualStudioVersion = 17.2.32505.173
MinimumVisualStudioVersion = 10.0.40219.1
Project("{FAE04EC0-301F-11D3-BF4B-00C04F79EFBC}") = "Spreetail.MVD", "Spreetail.MVD.csproj", "{529BEE2A-FA68-47C1-A3E5-7C907A332B52}"
EndProject
Project("{FAE04EC0-301F-11D3-BF4B-00C04F79EFBC}") = "Spreetail.Test", "..\Spreetail.Test\Spreetail.Test.csproj", "{BA4D4D99-DAC7-4656-9145-936CAEE1E023}"
EndProject
Global
	GlobalSection(SolutionConfigurationPlatforms) = preSolution
		Debug|Any CPU = Debug|Any CPU
		Release|Any CPU = Release|Any CPU
	EndGlobalSection
	GlobalSection(ProjectConfigurationPlatforms) = postSolution
		{529BEE2A-FA68-47C1-A3E5-7C907A332B52}.Debug|Any CPU.ActiveCfg = Debug|Any CPU
		{529BEE2A-FA68-47C1-A3E5-7C907A332B52}.Debug|Any CPU.Build.0 = Debug|Any CPU
		{529BEE2A-FA68-47C1-A3E5-7C907A332B52}.Release|Any CPU.ActiveCfg = Release|Any CPU
		{529BEE2A-FA68-47C1-A3E5-7C907A332B52}.Release|Any CPU.Build.0 = Release|Any CPU
		{BA4D4D99-DAC7-4656-9145-936CAEE1E023}.Debug|Any CPU.ActiveCfg = Debug|Any CPU
		{BA4D4D99-DAC7-4656-9145-936CAEE1E023}.Debug|Any CPU.Build.0 = Debug|Any CPU
		{BA4D4D99-DAC7-4656-9145-936CAEE1E023}.Release|Any CPU.ActiveCfg = Release|Any CPU
		{BA4D4D99-DAC7-4656-9145-936CAEE1E023}.Release|Any CPU.Build.0 = Release|Any CPU
	EndGlobalSection
	GlobalSection(SolutionProperties) = preSolution
		HideSolutionNode = FALSE
	EndGlobalSection
	GlobalSection(ExtensibilityGlobals) = postSolution
		SolutionGuid = {3E6400A8-AE4C-40F1-93AD-623A20CBBC26}
	EndGlobalSection
EndGlobal
